// !$*UTF8*$!
{
	archiveVersion = 1;
	classes = {
	};
	objectVersion = 56;
	objects = {

/* Begin PBXBuildFile section */
		2761BEB72BA755FB00B5C767 /* ExchangeInfo.swift in Sources */ = {isa = PBXBuildFile; fileRef = 2761BEB62BA755FB00B5C767 /* ExchangeInfo.swift */; };
		2761BEB92BA7602700B5C767 /* ExchangeRate.swift in Sources */ = {isa = PBXBuildFile; fileRef = 2761BEB82BA7602700B5C767 /* ExchangeRate.swift */; };
		276347592BA88F9A00C9DAD0 /* CurrencyTip.swift in Sources */ = {isa = PBXBuildFile; fileRef = 276347582BA88F9A00C9DAD0 /* CurrencyTip.swift */; };
		27721EB92BA780F800AFCDC9 /* SelectCurrency.swift in Sources */ = {isa = PBXBuildFile; fileRef = 27721EB82BA780F800AFCDC9 /* SelectCurrency.swift */; };
		27721EBB2BA7864300AFCDC9 /* CurrencyIcon.swift in Sources */ = {isa = PBXBuildFile; fileRef = 27721EBA2BA7864300AFCDC9 /* CurrencyIcon.swift */; };
		2792C9052BA845A4009B3628 /* Currency.swift in Sources */ = {isa = PBXBuildFile; fileRef = 2792C9042BA845A4009B3628 /* Currency.swift */; };
		2792C9072BA85A9C009B3628 /* IconGrid.swift in Sources */ = {isa = PBXBuildFile; fileRef = 2792C9062BA85A9C009B3628 /* IconGrid.swift */; };
		27F795A02BA6F9BD00D216CD /* LOTR-17.swift in Sources */ = {isa = PBXBuildFile; fileRef = 27F7959F2BA6F9BD00D216CD /* LOTR-17.swift */; };
		27F795A22BA6F9BD00D216CD /* ContentView.swift in Sources */ = {isa = PBXBuildFile; fileRef = 27F795A12BA6F9BD00D216CD /* ContentView.swift */; };
		27F795A42BA6F9C000D216CD /* Assets.xcassets in Resources */ = {isa = PBXBuildFile; fileRef = 27F795A32BA6F9C000D216CD /* Assets.xcassets */; };
		27F795A72BA6F9C000D216CD /* Preview Assets.xcassets in Resources */ = {isa = PBXBuildFile; fileRef = 27F795A62BA6F9C000D216CD /* Preview Assets.xcassets */; };
/* End PBXBuildFile section */

/* Begin PBXFileReference section */
		2761BEB62BA755FB00B5C767 /* ExchangeInfo.swift */ = {isa = PBXFileReference; lastKnownFileType = sourcecode.swift; path = ExchangeInfo.swift; sourceTree = "<group>"; };
		2761BEB82BA7602700B5C767 /* ExchangeRate.swift */ = {isa = PBXFileReference; lastKnownFileType = sourcecode.swift; path = ExchangeRate.swift; sourceTree = "<group>"; };
		276347582BA88F9A00C9DAD0 /* CurrencyTip.swift */ = {isa = PBXFileReference; lastKnownFileType = sourcecode.swift; path = CurrencyTip.swift; sourceTree = "<group>"; };
		27721EB82BA780F800AFCDC9 /* SelectCurrency.swift */ = {isa = PBXFileReference; lastKnownFileType = sourcecode.swift; path = SelectCurrency.swift; sourceTree = "<group>"; };
		27721EBA2BA7864300AFCDC9 /* CurrencyIcon.swift */ = {isa = PBXFileReference; lastKnownFileType = sourcecode.swift; path = CurrencyIcon.swift; sourceTree = "<group>"; };
		2792C9042BA845A4009B3628 /* Currency.swift */ = {isa = PBXFileReference; lastKnownFileType = sourcecode.swift; path = Currency.swift; sourceTree = "<group>"; };
		2792C9062BA85A9C009B3628 /* IconGrid.swift */ = {isa = PBXFileReference; lastKnownFileType = sourcecode.swift; path = IconGrid.swift; sourceTree = "<group>"; };
		27F7959C2BA6F9BD00D216CD /* LOTR-17.app */ = {isa = PBXFileReference; explicitFileType = wrapper.application; includeInIndex = 0; path = "LOTR-17.app"; sourceTree = BUILT_PRODUCTS_DIR; };
		27F7959F2BA6F9BD00D216CD /* LOTR-17.swift */ = {isa = PBXFileReference; lastKnownFileType = sourcecode.swift; path = "LOTR-17.swift"; sourceTree = "<group>"; };
		27F795A12BA6F9BD00D216CD /* ContentView.swift */ = {isa = PBXFileReference; lastKnownFileType = sourcecode.swift; path = ContentView.swift; sourceTree = "<group>"; };
		27F795A32BA6F9C000D216CD /* Assets.xcassets */ = {isa = PBXFileReference; lastKnownFileType = folder.assetcatalog; path = Assets.xcassets; sourceTree = "<group>"; };
		27F795A62BA6F9C000D216CD /* Preview Assets.xcassets */ = {isa = PBXFileReference; lastKnownFileType = folder.assetcatalog; path = "Preview Assets.xcassets"; sourceTree = "<group>"; };
/* End PBXFileReference section */

/* Begin PBXFrameworksBuildPhase section */
		27F795992BA6F9BD00D216CD /* Frameworks */ = {
			isa = PBXFrameworksBuildPhase;
			buildActionMask = 2147483647;
			files = (
			);
			runOnlyForDeploymentPostprocessing = 0;
		};
/* End PBXFrameworksBuildPhase section */

/* Begin PBXGroup section */
		27F795932BA6F9BD00D216CD = {
			isa = PBXGroup;
			children = (
				27F7959E2BA6F9BD00D216CD /* LOTR-17 */,
				27F7959D2BA6F9BD00D216CD /* Products */,
			);
			sourceTree = "<group>";
		};
		27F7959D2BA6F9BD00D216CD /* Products */ = {
			isa = PBXGroup;
			children = (
				27F7959C2BA6F9BD00D216CD /* LOTR-17.app */,
			);
			name = Products;
			sourceTree = "<group>";
		};
		27F7959E2BA6F9BD00D216CD /* LOTR-17 */ = {
			isa = PBXGroup;
			children = (
				27F7959F2BA6F9BD00D216CD /* LOTR-17.swift */,
				2792C9042BA845A4009B3628 /* Currency.swift */,
				27F795A12BA6F9BD00D216CD /* ContentView.swift */,
				27721EB82BA780F800AFCDC9 /* SelectCurrency.swift */,
				2792C9062BA85A9C009B3628 /* IconGrid.swift */,
				27721EBA2BA7864300AFCDC9 /* CurrencyIcon.swift */,
				2761BEB62BA755FB00B5C767 /* ExchangeInfo.swift */,
				2761BEB82BA7602700B5C767 /* ExchangeRate.swift */,
				276347582BA88F9A00C9DAD0 /* CurrencyTip.swift */,
				27F795A32BA6F9C000D216CD /* Assets.xcassets */,
				27F795A52BA6F9C000D216CD /* Preview Content */,
			);
			path = "LOTR-17";
			sourceTree = "<group>";
		};
		27F795A52BA6F9C000D216CD /* Preview Content */ = {
			isa = PBXGroup;
			children = (
				27F795A62BA6F9C000D216CD /* Preview Assets.xcassets */,
			);
			path = "Preview Content";
			sourceTree = "<group>";
		};
/* End PBXGroup section */

/* Begin PBXNativeTarget section */
		27F7959B2BA6F9BD00D216CD /* LOTR-17 */ = {
			isa = PBXNativeTarget;
			buildConfigurationList = 27F795AA2BA6F9C000D216CD /* Build configuration list for PBXNativeTarget "LOTR-17" */;
			buildPhases = (
				27F795982BA6F9BD00D216CD /* Sources */,
				27F795992BA6F9BD00D216CD /* Frameworks */,
				27F7959A2BA6F9BD00D216CD /* Resources */,
			);
			buildRules = (
			);
			dependencies = (
			);
			name = "LOTR-17";
			productName = "LOTR-17";
			productReference = 27F7959C2BA6F9BD00D216CD /* LOTR-17.app */;
			productType = "com.apple.product-type.application";
		};
/* End PBXNativeTarget section */

/* Begin PBXProject section */
		27F795942BA6F9BD00D216CD /* Project object */ = {
			isa = PBXProject;
			attributes = {
				BuildIndependentTargetsInParallel = 1;
				LastSwiftUpdateCheck = 1530;
				LastUpgradeCheck = 1530;
				TargetAttributes = {
					27F7959B2BA6F9BD00D216CD = {
						CreatedOnToolsVersion = 15.3;
					};
				};
			};
			buildConfigurationList = 27F795972BA6F9BD00D216CD /* Build configuration list for PBXProject "LOTR-17" */;
			compatibilityVersion = "Xcode 14.0";
			developmentRegion = en;
			hasScannedForEncodings = 0;
			knownRegions = (
				en,
				Base,
			);
			mainGroup = 27F795932BA6F9BD00D216CD;
			productRefGroup = 27F7959D2BA6F9BD00D216CD /* Products */;
			projectDirPath = "";
			projectRoot = "";
			targets = (
				27F7959B2BA6F9BD00D216CD /* LOTR-17 */,
			);
		};
/* End PBXProject section */

/* Begin PBXResourcesBuildPhase section */
		27F7959A2BA6F9BD00D216CD /* Resources */ = {
			isa = PBXResourcesBuildPhase;
			buildActionMask = 2147483647;
			files = (
				27F795A72BA6F9C000D216CD /* Preview Assets.xcassets in Resources */,
				27F795A42BA6F9C000D216CD /* Assets.xcassets in Resources */,
			);
			runOnlyForDeploymentPostprocessing = 0;
		};
/* End PBXResourcesBuildPhase section */

/* Begin PBXSourcesBuildPhase section */
		27F795982BA6F9BD00D216CD /* Sources */ = {
			isa = PBXSourcesBuildPhase;
			buildActionMask = 2147483647;
			files = (
				2792C9072BA85A9C009B3628 /* IconGrid.swift in Sources */,
				2761BEB92BA7602700B5C767 /* ExchangeRate.swift in Sources */,
				27721EB92BA780F800AFCDC9 /* SelectCurrency.swift in Sources */,
				2761BEB72BA755FB00B5C767 /* ExchangeInfo.swift in Sources */,
				27F795A22BA6F9BD00D216CD /* ContentView.swift in Sources */,
				276347592BA88F9A00C9DAD0 /* CurrencyTip.swift in Sources */,
				27F795A02BA6F9BD00D216CD /* LOTR-17.swift in Sources */,
				2792C9052BA845A4009B3628 /* Currency.swift in Sources */,
				27721EBB2BA7864300AFCDC9 /* CurrencyIcon.swift in Sources */,
			);
			runOnlyForDeploymentPostprocessing = 0;
		};
/* End PBXSourcesBuildPhase section */

/* Begin XCBuildConfiguration section */
		27F795A82BA6F9C000D216CD /* Debug */ = {
			isa = XCBuildConfiguration;
			buildSettings = {
				ALWAYS_SEARCH_USER_PATHS = NO;
				ASSETCATALOG_COMPILER_GENERATE_SWIFT_ASSET_SYMBOL_EXTENSIONS = YES;
				CLANG_ANALYZER_NONNULL = YES;
				CLANG_ANALYZER_NUMBER_OBJECT_CONVERSION = YES_AGGRESSIVE;
				CLANG_CXX_LANGUAGE_STANDARD = "gnu++20";
				CLANG_ENABLE_MODULES = YES;
				CLANG_ENABLE_OBJC_ARC = YES;
				CLANG_ENABLE_OBJC_WEAK = YES;
				CLANG_WARN_BLOCK_CAPTURE_AUTORELEASING = YES;
				CLANG_WARN_BOOL_CONVERSION = YES;
				CLANG_WARN_COMMA = YES;
				CLANG_WARN_CONSTANT_CONVERSION = YES;
				CLANG_WARN_DEPRECATED_OBJC_IMPLEMENTATIONS = YES;
				CLANG_WARN_DIRECT_OBJC_ISA_USAGE = YES_ERROR;
				CLANG_WARN_DOCUMENTATION_COMMENTS = YES;
				CLANG_WARN_EMPTY_BODY = YES;
				CLANG_WARN_ENUM_CONVERSION = YES;
				CLANG_WARN_INFINITE_RECURSION = YES;
				CLANG_WARN_INT_CONVERSION = YES;
				CLANG_WARN_NON_LITERAL_NULL_CONVERSION = YES;
				CLANG_WARN_OBJC_IMPLICIT_RETAIN_SELF = YES;
				CLANG_WARN_OBJC_LITERAL_CONVERSION = YES;
				CLANG_WARN_OBJC_ROOT_CLASS = YES_ERROR;
				CLANG_WARN_QUOTED_INCLUDE_IN_FRAMEWORK_HEADER = YES;
				CLANG_WARN_RANGE_LOOP_ANALYSIS = YES;
				CLANG_WARN_STRICT_PROTOTYPES = YES;
				CLANG_WARN_SUSPICIOUS_MOVE = YES;
				CLANG_WARN_UNGUARDED_AVAILABILITY = YES_AGGRESSIVE;
				CLANG_WARN_UNREACHABLE_CODE = YES;
				CLANG_WARN__DUPLICATE_METHOD_MATCH = YES;
				COPY_PHASE_STRIP = NO;
				DEBUG_INFORMATION_FORMAT = dwarf;
				ENABLE_STRICT_OBJC_MSGSEND = YES;
				ENABLE_TESTABILITY = YES;
				ENABLE_USER_SCRIPT_SANDBOXING = YES;
				GCC_C_LANGUAGE_STANDARD = gnu17;
				GCC_DYNAMIC_NO_PIC = NO;
				GCC_NO_COMMON_BLOCKS = YES;
				GCC_OPTIMIZATION_LEVEL = 0;
				GCC_PREPROCESSOR_DEFINITIONS = (
					"DEBUG=1",
					"$(inherited)",
				);
				GCC_WARN_64_TO_32_BIT_CONVERSION = YES;
				GCC_WARN_ABOUT_RETURN_TYPE = YES_ERROR;
				GCC_WARN_UNDECLARED_SELECTOR = YES;
				GCC_WARN_UNINITIALIZED_AUTOS = YES_AGGRESSIVE;
				GCC_WARN_UNUSED_FUNCTION = YES;
				GCC_WARN_UNUSED_VARIABLE = YES;
				IPHONEOS_DEPLOYMENT_TARGET = 17.4;
				LOCALIZATION_PREFERS_STRING_CATALOGS = YES;
				MTL_ENABLE_DEBUG_INFO = INCLUDE_SOURCE;
				MTL_FAST_MATH = YES;
				ONLY_ACTIVE_ARCH = YES;
				SDKROOT = iphoneos;
				SWIFT_ACTIVE_COMPILATION_CONDITIONS = "DEBUG $(inherited)";
				SWIFT_OPTIMIZATION_LEVEL = "-Onone";
			};
			name = Debug;
		};
		27F795A92BA6F9C000D216CD /* Release */ = {
			isa = XCBuildConfiguration;
			buildSettings = {
				ALWAYS_SEARCH_USER_PATHS = NO;
				ASSETCATALOG_COMPILER_GENERATE_SWIFT_ASSET_SYMBOL_EXTENSIONS = YES;
				CLANG_ANALYZER_NONNULL = YES;
				CLANG_ANALYZER_NUMBER_OBJECT_CONVERSION = YES_AGGRESSIVE;
				CLANG_CXX_LANGUAGE_STANDARD = "gnu++20";
				CLANG_ENABLE_MODULES = YES;
				CLANG_ENABLE_OBJC_ARC = YES;
				CLANG_ENABLE_OBJC_WEAK = YES;
				CLANG_WARN_BLOCK_CAPTURE_AUTORELEASING = YES;
				CLANG_WARN_BOOL_CONVERSION = YES;
				CLANG_WARN_COMMA = YES;
				CLANG_WARN_CONSTANT_CONVERSION = YES;
				CLANG_WARN_DEPRECATED_OBJC_IMPLEMENTATIONS = YES;
				CLANG_WARN_DIRECT_OBJC_ISA_USAGE = YES_ERROR;
				CLANG_WARN_DOCUMENTATION_COMMENTS = YES;
				CLANG_WARN_EMPTY_BODY = YES;
				CLANG_WARN_ENUM_CONVERSION = YES;
				CLANG_WARN_INFINITE_RECURSION = YES;
				CLANG_WARN_INT_CONVERSION = YES;
				CLANG_WARN_NON_LITERAL_NULL_CONVERSION = YES;
				CLANG_WARN_OBJC_IMPLICIT_RETAIN_SELF = YES;
				CLANG_WARN_OBJC_LITERAL_CONVERSION = YES;
				CLANG_WARN_OBJC_ROOT_CLASS = YES_ERROR;
				CLANG_WARN_QUOTED_INCLUDE_IN_FRAMEWORK_HEADER = YES;
				CLANG_WARN_RANGE_LOOP_ANALYSIS = YES;
				CLANG_WARN_STRICT_PROTOTYPES = YES;
				CLANG_WARN_SUSPICIOUS_MOVE = YES;
				CLANG_WARN_UNGUARDED_AVAILABILITY = YES_AGGRESSIVE;
				CLANG_WARN_UNREACHABLE_CODE = YES;
				CLANG_WARN__DUPLICATE_METHOD_MATCH = YES;
				COPY_PHASE_STRIP = NO;
				DEBUG_INFORMATION_FORMAT = "dwarf-with-dsym";
				ENABLE_NS_ASSERTIONS = NO;
				ENABLE_STRICT_OBJC_MSGSEND = YES;
				ENABLE_USER_SCRIPT_SANDBOXING = YES;
				GCC_C_LANGUAGE_STANDARD = gnu17;
				GCC_NO_COMMON_BLOCKS = YES;
				GCC_WARN_64_TO_32_BIT_CONVERSION = YES;
				GCC_WARN_ABOUT_RETURN_TYPE = YES_ERROR;
				GCC_WARN_UNDECLARED_SELECTOR = YES;
				GCC_WARN_UNINITIALIZED_AUTOS = YES_AGGRESSIVE;
				GCC_WARN_UNUSED_FUNCTION = YES;
				GCC_WARN_UNUSED_VARIABLE = YES;
				IPHONEOS_DEPLOYMENT_TARGET = 17.4;
				LOCALIZATION_PREFERS_STRING_CATALOGS = YES;
				MTL_ENABLE_DEBUG_INFO = NO;
				MTL_FAST_MATH = YES;
				SDKROOT = iphoneos;
				SWIFT_COMPILATION_MODE = wholemodule;
				VALIDATE_PRODUCT = YES;
			};
			name = Release;
		};
		27F795AB2BA6F9C000D216CD /* Debug */ = {
			isa = XCBuildConfiguration;
			buildSettings = {
				ASSETCATALOG_COMPILER_APPICON_NAME = AppIcon;
				ASSETCATALOG_COMPILER_GLOBAL_ACCENT_COLOR_NAME = AccentColor;
				ASSETCATALOG_COMPILER_INCLUDE_ALL_APPICON_ASSETS = YES;
				CODE_SIGN_STYLE = Automatic;
				CURRENT_PROJECT_VERSION = 1;
				DEVELOPMENT_ASSET_PATHS = "\"LOTR-17/Preview Content\"";
				DEVELOPMENT_TEAM = FSU6Y2HFZ2;
				ENABLE_PREVIEWS = YES;
				GENERATE_INFOPLIST_FILE = YES;
				INFOPLIST_KEY_CFBundleDisplayName = "LOTR 17";
				INFOPLIST_KEY_UIApplicationSceneManifest_Generation = YES;
				INFOPLIST_KEY_UIApplicationSupportsIndirectInputEvents = YES;
				INFOPLIST_KEY_UILaunchScreen_Generation = YES;
				INFOPLIST_KEY_UIRequiresFullScreen = YES;
				INFOPLIST_KEY_UISupportedInterfaceOrientations_iPad = "UIInterfaceOrientationPortrait UIInterfaceOrientationPortraitUpsideDown UIInterfaceOrientationLandscapeLeft UIInterfaceOrientationLandscapeRight";
				INFOPLIST_KEY_UISupportedInterfaceOrientations_iPhone = "UIInterfaceOrientationPortrait UIInterfaceOrientationLandscapeLeft UIInterfaceOrientationLandscapeRight";
				LD_RUNPATH_SEARCH_PATHS = (
					"$(inherited)",
					"@executable_path/Frameworks",
				);
				MARKETING_VERSION = 1.0;
				PRODUCT_BUNDLE_IDENTIFIER = "uk.co.ebow22science.LOTR-17";
				PRODUCT_NAME = "$(TARGET_NAME)";
				SWIFT_EMIT_LOC_STRINGS = YES;
				SWIFT_VERSION = 5.0;
				TARGETED_DEVICE_FAMILY = "1,2";
			};
			name = Debug;
		};
		27F795AC2BA6F9C000D216CD /* Release */ = {
			isa = XCBuildConfiguration;
			buildSettings = {
				ASSETCATALOG_COMPILER_APPICON_NAME = AppIcon;
				ASSETCATALOG_COMPILER_GLOBAL_ACCENT_COLOR_NAME = AccentColor;
				ASSETCATALOG_COMPILER_INCLUDE_ALL_APPICON_ASSETS = YES;
				CODE_SIGN_STYLE = Automatic;
				CURRENT_PROJECT_VERSION = 1;
				DEVELOPMENT_ASSET_PATHS = "\"LOTR-17/Preview Content\"";
				DEVELOPMENT_TEAM = FSU6Y2HFZ2;
				ENABLE_PREVIEWS = YES;
				GENERATE_INFOPLIST_FILE = YES;
				INFOPLIST_KEY_CFBundleDisplayName = "LOTR 17";
				INFOPLIST_KEY_UIApplicationSceneManifest_Generation = YES;
				INFOPLIST_KEY_UIApplicationSupportsIndirectInputEvents = YES;
				INFOPLIST_KEY_UILaunchScreen_Generation = YES;
				INFOPLIST_KEY_UIRequiresFullScreen = YES;
				INFOPLIST_KEY_UISupportedInterfaceOrientations_iPad = "UIInterfaceOrientationPortrait UIInterfaceOrientationPortraitUpsideDown UIInterfaceOrientationLandscapeLeft UIInterfaceOrientationLandscapeRight";
				INFOPLIST_KEY_UISupportedInterfaceOrientations_iPhone = "UIInterfaceOrientationPortrait UIInterfaceOrientationLandscapeLeft UIInterfaceOrientationLandscapeRight";
				LD_RUNPATH_SEARCH_PATHS = (
					"$(inherited)",
					"@executable_path/Frameworks",
				);
				MARKETING_VERSION = 1.0;
				PRODUCT_BUNDLE_IDENTIFIER = "uk.co.ebow22science.LOTR-17";
				PRODUCT_NAME = "$(TARGET_NAME)";
				SWIFT_EMIT_LOC_STRINGS = YES;
				SWIFT_VERSION = 5.0;
				TARGETED_DEVICE_FAMILY = "1,2";
			};
			name = Release;
		};
/* End XCBuildConfiguration section */

/* Begin XCConfigurationList section */
		27F795972BA6F9BD00D216CD /* Build configuration list for PBXProject "LOTR-17" */ = {
			isa = XCConfigurationList;
			buildConfigurations = (
				27F795A82BA6F9C000D216CD /* Debug */,
				27F795A92BA6F9C000D216CD /* Release */,
			);
			defaultConfigurationIsVisible = 0;
			defaultConfigurationName = Release;
		};
		27F795AA2BA6F9C000D216CD /* Build configuration list for PBXNativeTarget "LOTR-17" */ = {
			isa = XCConfigurationList;
			buildConfigurations = (
				27F795AB2BA6F9C000D216CD /* Debug */,
				27F795AC2BA6F9C000D216CD /* Release */,
			);
			defaultConfigurationIsVisible = 0;
			defaultConfigurationName = Release;
		};
/* End XCConfigurationList section */
	};
	rootObject = 27F795942BA6F9BD00D216CD /* Project object */;
}
